{
  "name": "decrypt-test",
  "version": "1.0.0",
  "lockfileVersion": 2,
  "requires": true,
  "packages": {
    "": {
      "name": "decrypt-test",
      "version": "1.0.0",
      "license": "ISC",
      "dependencies": {
        "crypto-js": "^4.1.1",
        "dotenv": "^16.0.3",
        "dotenvenc": "^3.0.2",
        "readline-sync": "^1.4.10",
        "shredfile": "^1.1.0"
      }
    },
    "node_modules/crypto-js": {
      "version": "4.1.1",
      "resolved": "https://registry.npmjs.org/crypto-js/-/crypto-js-4.1.1.tgz",
      "integrity": "sha512-o2JlM7ydqd3Qk9CA0L4NL6mTzU2sdx96a+oOfPu8Mkl/PK51vSyoi8/rQ8NknZtk44vq15lmhAj9CIAGwgeWKw=="
    },
    "node_modules/dotenv": {
      "version": "16.0.3",
      "resolved": "https://registry.npmjs.org/dotenv/-/dotenv-16.0.3.tgz",
      "integrity": "sha512-7GO6HghkA5fYG9TYnNxi14/7K9f5occMlp3zXAuSxn7CKCxt9xbNWG7yF8hTCSUchlfWSe3uLmlPfigevRItzQ==",
      "engines": {
        "node": ">=12"
      }
    },
    "node_modules/dotenvenc": {
      "version": "3.0.2",
      "resolved": "https://registry.npmjs.org/dotenvenc/-/dotenvenc-3.0.2.tgz",
      "integrity": "sha512-dEN7muMidPVlWXsqT8AjzV8ipO99cgdrcTucib12wBS5ysCxp10fY6lxbJkJks7TH5oNDP3GLXvNCw8BvmCJ3Q==",
      "dependencies": {
        "md5-file": "3.1.1",
        "minimist": "1.2.6"
      },
      "bin": {
        "dotenvenc": "bin/dotenvenc"
      }
    },
    "node_modules/md5-file": {
      "version": "3.1.1",
      "resolved": "https://registry.npmjs.org/md5-file/-/md5-file-3.1.1.tgz",
      "integrity": "sha512-9yLrrfgoyOe+0HqLiTF1XeJeOAf/y4Eh4h019avM2OrUGTcXWZkk6YCjzJmeutC6PyBQXlRAhtmdbL8GDPeIAA=="
    },
    "node_modules/minimist": {
      "version": "1.2.6",
      "resolved": "https://registry.npmjs.org/minimist/-/minimist-1.2.6.tgz",
      "integrity": "sha512-Jsjnk4bw3YJqYzbdyBiNsPWHPfO++UGG749Cxs6peCu5Xg4nrena6OVxOYxrQTqww0Jmwt+Ref8rggumkTLz9Q=="
    },
    "node_modules/readline-sync": {
      "version": "1.4.10",
      "resolved": "https://registry.npmjs.org/readline-sync/-/readline-sync-1.4.10.tgz",
      "integrity": "sha512-gNva8/6UAe8QYepIQH/jQ2qn91Qj0B9sYjMBBs3QOB8F2CXcKgLxQaJRP76sWVRQt+QU+8fAkCbCvjjMFu7Ycw==",
      "engines": {
        "node": ">= 0.8.0"
      }
    },
    "node_modules/shredfile": {
      "version": "1.1.0",
      "resolved": "https://registry.npmjs.org/shredfile/-/shredfile-1.1.0.tgz",
      "integrity": "sha512-Z3yZxKSxKeWR5UMvNsTkpkesUnfLoncldWSzxcJzdT7dA+Hm298vx3eaSJi8mDs13yhHcklnAVNc+LIL+rxOpQ==",
      "engines": {
        "node": ">=12.0.0"
      }
    }
  },
  "dependencies": {
    "crypto-js": {
      "version": "4.1.1",
      "resolved": "https://registry.npmjs.org/crypto-js/-/crypto-js-4.1.1.tgz",
      "integrity": "sha512-o2JlM7ydqd3Qk9CA0L4NL6mTzU2sdx96a+oOfPu8Mkl/PK51vSyoi8/rQ8NknZtk44vq15lmhAj9CIAGwgeWKw=="
    },
    "dotenv": {
      "version": "16.0.3",
      "resolved": "https://registry.npmjs.org/dotenv/-/dotenv-16.0.3.tgz",
      "integrity": "sha512-7GO6HghkA5fYG9TYnNxi14/7K9f5occMlp3zXAuSxn7CKCxt9xbNWG7yF8hTCSUchlfWSe3uLmlPfigevRItzQ=="
    },
    "dotenvenc": {
      "version": "3.0.2",
      "resolved": "https://registry.npmjs.org/dotenvenc/-/dotenvenc-3.0.2.tgz",
      "integrity": "sha512-dEN7muMidPVlWXsqT8AjzV8ipO99cgdrcTucib12wBS5ysCxp10fY6lxbJkJks7TH5oNDP3GLXvNCw8BvmCJ3Q==",
      "requires": {
        "md5-file": "3.1.1",
        "minimist": "1.2.6"
      }
    },
    "md5-file": {
      "version": "3.1.1",
      "resolved": "https://registry.npmjs.org/md5-file/-/md5-file-3.1.1.tgz",
      "integrity": "sha512-9yLrrfgoyOe+0HqLiTF1XeJeOAf/y4Eh4h019avM2OrUGTcXWZkk6YCjzJmeutC6PyBQXlRAhtmdbL8GDPeIAA=="
    },
    "minimist": {
      "version": "1.2.6",
      "resolved": "https://registry.npmjs.org/minimist/-/minimist-1.2.6.tgz",
      "integrity": "sha512-Jsjnk4bw3YJqYzbdyBiNsPWHPfO++UGG749Cxs6peCu5Xg4nrena6OVxOYxrQTqww0Jmwt+Ref8rggumkTLz9Q=="
    },
    "readline-sync": {
      "version": "1.4.10",
      "resolved": "https://registry.npmjs.org/readline-sync/-/readline-sync-1.4.10.tgz",
      "integrity": "sha512-gNva8/6UAe8QYepIQH/jQ2qn91Qj0B9sYjMBBs3QOB8F2CXcKgLxQaJRP76sWVRQt+QU+8fAkCbCvjjMFu7Ycw=="
    },
    "shredfile": {
      "version": "1.1.0",
      "resolved": "https://registry.npmjs.org/shredfile/-/shredfile-1.1.0.tgz",
      "integrity": "sha512-Z3yZxKSxKeWR5UMvNsTkpkesUnfLoncldWSzxcJzdT7dA+Hm298vx3eaSJi8mDs13yhHcklnAVNc+LIL+rxOpQ=="
    }
  }
}
